
Microsoft Visual Studio Solution File, Format Version 12.00
Project("{FAE04EC0-301F-11D3-BF4B-00C04F79EFBC}") = "BarkerSharper", "BarkerSharper\BarkerSharper.csproj", "{0A529035-473E-4DD8-A4FB-F8E6B7BF1238}"
EndProject
Project("{2150E333-8FDC-42A3-9474-1A3956D46DE8}") = "Kits", "Kits", "{AF0750B3-AB33-4451-95DE-A2FE5B738D1D}"
EndProject
Project("{2150E333-8FDC-42A3-9474-1A3956D46DE8}") = "Libraries", "Libraries", "{ABBC5186-EF48-41E7-942B-AFFF0E23512A}"
EndProject
Project("{FAE04EC0-301F-11D3-BF4B-00C04F79EFBC}") = "SharpExtensionKit", "Kits\SharpExtensionKit\SharpExtensionKit.csproj", "{CF3F2262-7CB3-468B-BC27-7F20BA03E61D}"
EndProject
Project("{2150E333-8FDC-42A3-9474-1A3956D46DE8}") = "ConsolePlayground", "ConsolePlayground", "{2ABD1410-8C09-4407-ADA1-F1C8EA4A3D68}"
EndProject
Project("{FAE04EC0-301F-11D3-BF4B-00C04F79EFBC}") = "Playground", "ConsolePlayground\Playground\Playground.csproj", "{9A53D008-EEB0-40D2-A891-C87087068FD7}"
EndProject
Project("{FAE04EC0-301F-11D3-BF4B-00C04F79EFBC}") = "WorkflowKit", "Kits\WorkflowKit\WorkflowKit.csproj", "{4950F735-A236-43CE-AD71-102AE4B33EC4}"
EndProject
Global
	GlobalSection(SolutionConfigurationPlatforms) = preSolution
		Debug|Any CPU = Debug|Any CPU
		Release|Any CPU = Release|Any CPU
	EndGlobalSection
	GlobalSection(ProjectConfigurationPlatforms) = postSolution
		{0A529035-473E-4DD8-A4FB-F8E6B7BF1238}.Debug|Any CPU.ActiveCfg = Debug|Any CPU
		{0A529035-473E-4DD8-A4FB-F8E6B7BF1238}.Debug|Any CPU.Build.0 = Debug|Any CPU
		{0A529035-473E-4DD8-A4FB-F8E6B7BF1238}.Release|Any CPU.ActiveCfg = Release|Any CPU
		{0A529035-473E-4DD8-A4FB-F8E6B7BF1238}.Release|Any CPU.Build.0 = Release|Any CPU
		{CF3F2262-7CB3-468B-BC27-7F20BA03E61D}.Debug|Any CPU.ActiveCfg = Debug|Any CPU
		{CF3F2262-7CB3-468B-BC27-7F20BA03E61D}.Debug|Any CPU.Build.0 = Debug|Any CPU
		{CF3F2262-7CB3-468B-BC27-7F20BA03E61D}.Release|Any CPU.ActiveCfg = Release|Any CPU
		{CF3F2262-7CB3-468B-BC27-7F20BA03E61D}.Release|Any CPU.Build.0 = Release|Any CPU
		{9A53D008-EEB0-40D2-A891-C87087068FD7}.Debug|Any CPU.ActiveCfg = Debug|Any CPU
		{9A53D008-EEB0-40D2-A891-C87087068FD7}.Debug|Any CPU.Build.0 = Debug|Any CPU
		{9A53D008-EEB0-40D2-A891-C87087068FD7}.Release|Any CPU.ActiveCfg = Release|Any CPU
		{9A53D008-EEB0-40D2-A891-C87087068FD7}.Release|Any CPU.Build.0 = Release|Any CPU
		{4950F735-A236-43CE-AD71-102AE4B33EC4}.Debug|Any CPU.ActiveCfg = Debug|Any CPU
		{4950F735-A236-43CE-AD71-102AE4B33EC4}.Debug|Any CPU.Build.0 = Debug|Any CPU
		{4950F735-A236-43CE-AD71-102AE4B33EC4}.Release|Any CPU.ActiveCfg = Release|Any CPU
		{4950F735-A236-43CE-AD71-102AE4B33EC4}.Release|Any CPU.Build.0 = Release|Any CPU
	EndGlobalSection
	GlobalSection(NestedProjects) = preSolution
		{0A529035-473E-4DD8-A4FB-F8E6B7BF1238} = {ABBC5186-EF48-41E7-942B-AFFF0E23512A}
		{CF3F2262-7CB3-468B-BC27-7F20BA03E61D} = {AF0750B3-AB33-4451-95DE-A2FE5B738D1D}
		{9A53D008-EEB0-40D2-A891-C87087068FD7} = {2ABD1410-8C09-4407-ADA1-F1C8EA4A3D68}
		{4950F735-A236-43CE-AD71-102AE4B33EC4} = {AF0750B3-AB33-4451-95DE-A2FE5B738D1D}
	EndGlobalSection
EndGlobal
